
Microsoft Visual Studio Solution File, Format Version 12.00
# Visual Studio Version 16
VisualStudioVersion = 16.0.30413.136
MinimumVisualStudioVersion = 10.0.40219.1
Project("{FAE04EC0-301F-11D3-BF4B-00C04F79EFBC}") = "HAPCAN Converter 3.2", "HAPCAN Converter 3.2.csproj", "{0252DE76-B454-49A4-A852-5E1B205264A5}"
EndProject
Global
	GlobalSection(SolutionConfigurationPlatforms) = preSolution
		Debug|Any CPU = Debug|Any CPU
		Release|Any CPU = Release|Any CPU
	EndGlobalSection
	GlobalSection(ProjectConfigurationPlatforms) = postSolution
		{0252DE76-B454-49A4-A852-5E1B205264A5}.Debug|Any CPU.ActiveCfg = Debug|Any CPU
		{0252DE76-B454-49A4-A852-5E1B205264A5}.Debug|Any CPU.Build.0 = Debug|Any CPU
		{0252DE76-B454-49A4-A852-5E1B205264A5}.Release|Any CPU.ActiveCfg = Release|Any CPU
		{0252DE76-B454-49A4-A852-5E1B205264A5}.Release|Any CPU.Build.0 = Release|Any CPU
	EndGlobalSection
	GlobalSection(SolutionProperties) = preSolution
		HideSolutionNode = FALSE
	EndGlobalSection
	GlobalSection(ExtensibilityGlobals) = postSolution
		SolutionGuid = {19F924F1-62B1-4201-B77D-5E52AFB2CB78}
	EndGlobalSection
EndGlobal
